
Microsoft Visual Studio Solution File, Format Version 12.00
# Visual Studio Version 17
VisualStudioVersion = 17.5.002.0
MinimumVisualStudioVersion = 10.0.40219.1
Project("{2150E333-8FDC-42A3-9474-1A3956D46DE8}") = "src", "src", "{F4EB02D2-C628-4DFD-98A5-82CFB615F2D1}"
EndProject
Project("{9A19103F-16F7-4668-BE54-9A1E7A4F7556}") = "Play.Common", "src\Play.Common\Play.Common.csproj", "{77F96D05-8FCA-4942-A647-A9E812558A7F}"
EndProject
Global
	GlobalSection(SolutionConfigurationPlatforms) = preSolution
		Debug|Any CPU = Debug|Any CPU
		Release|Any CPU = Release|Any CPU
	EndGlobalSection
	GlobalSection(ProjectConfigurationPlatforms) = postSolution
		{77F96D05-8FCA-4942-A647-A9E812558A7F}.Debug|Any CPU.ActiveCfg = Debug|Any CPU
		{77F96D05-8FCA-4942-A647-A9E812558A7F}.Debug|Any CPU.Build.0 = Debug|Any CPU
		{77F96D05-8FCA-4942-A647-A9E812558A7F}.Release|Any CPU.ActiveCfg = Release|Any CPU
		{77F96D05-8FCA-4942-A647-A9E812558A7F}.Release|Any CPU.Build.0 = Release|Any CPU
	EndGlobalSection
	GlobalSection(SolutionProperties) = preSolution
		HideSolutionNode = FALSE
	EndGlobalSection
	GlobalSection(NestedProjects) = preSolution
		{77F96D05-8FCA-4942-A647-A9E812558A7F} = {F4EB02D2-C628-4DFD-98A5-82CFB615F2D1}
	EndGlobalSection
	GlobalSection(ExtensibilityGlobals) = postSolution
		SolutionGuid = {989DEFA3-F729-4FCD-9D11-8B0DFF9F8136}
	EndGlobalSection
EndGlobal
